{
	"name": "pi-accounts-rotate",
	"version": "0.1.0",
	"lockfileVersion": 3,
	"requires": true,
	"packages": {
		"": {
			"name": "pi-accounts-rotate",
			"version": "0.1.0",
			"license": "MIT",
			"dependencies": {
				"@narumitw/pi-accounts": "^0.52.0"
			},
			"peerDependencies": {
				"@earendil-works/pi-ai": "*",
				"@earendil-works/pi-coding-agent": "*"
			}
		},
		"node_modules/@narumitw/pi-accounts": {
			"version": "0.52.0",
			"resolved": "https://registry.npmjs.org/@narumitw/pi-accounts/-/pi-accounts-0.52.0.tgz",
			"integrity": "sha512-j6hHdGyTVVJRnN/YPKsNlIPpIrSFz0D9Ften3agES42Mt0TEZmA5wEk0fU8GdzxVRVCdLeQQcPr1RqYYChkB8g==",
			"license": "MIT",
			"dependencies": {
				"@narumitw/pi-tui-kit": "^0.59.0",
				"proper-lockfile": "^4.1.2"
			},
			"peerDependencies": {
				"@earendil-works/pi-ai": "*",
				"@earendil-works/pi-coding-agent": "*"
			}
		},
		"node_modules/@narumitw/pi-tui-kit": {
			"version": "0.59.0",
			"resolved": "https://registry.npmjs.org/@narumitw/pi-tui-kit/-/pi-tui-kit-0.59.0.tgz",
			"integrity": "sha512-KBbOcciJD+HVbeduUwBUiSy2AehMGYeOwiRPXvac5tcjuh3SDoQ+7qsNPt2s/ku6exJKZp0GYtAVsiu5ySddmA==",
			"license": "MIT",
			"dependencies": {
				"grok-mermaid": "0.2.3",
				"highlight.js": "11.12.0"
			},
			"peerDependencies": {
				"@earendil-works/pi-coding-agent": "*",
				"@earendil-works/pi-tui": "*"
			}
		},
		"node_modules/graceful-fs": {
			"version": "4.2.11",
			"resolved": "https://registry.npmjs.org/graceful-fs/-/graceful-fs-4.2.11.tgz",
			"integrity": "sha512-RbJ5/jmFcNNCcDV5o9eTnBLJ/HszWV0P73bc+Ff4nS/rJj+YaS6IGyiOL0VoBYX+l1Wrl3k63h/KrH+nhJ0XvQ==",
			"license": "ISC"
		},
		"node_modules/grok-mermaid": {
			"version": "0.2.3",
			"resolved": "https://registry.npmjs.org/grok-mermaid/-/grok-mermaid-0.2.3.tgz",
			"integrity": "sha512-/4KopAbsjvuRP9MdPtlDjOHUmUVEohOX73JNcsWpzAtFxh+bq5+Dhb6gzvRieLDwIPQIR3/vy8V1NNTuz4Zsmg==",
			"license": "Apache-2.0",
			"engines": {
				"node": ">=18"
			}
		},
		"node_modules/highlight.js": {
			"version": "11.12.0",
			"resolved": "https://registry.npmjs.org/highlight.js/-/highlight.js-11.12.0.tgz",
			"integrity": "sha512-nbfWpyRMcMrPMmDwJB+dhX/eiaPKtc2RB+0QZskqJ3WjRA/FDS0e9hZrx8EC/lbEv8gXy98FcDbNa/dspAaJMg==",
			"license": "BSD-3-Clause",
			"engines": {
				"node": ">=12.0.0"
			}
		},
		"node_modules/proper-lockfile": {
			"version": "4.1.2",
			"resolved": "https://registry.npmjs.org/proper-lockfile/-/proper-lockfile-4.1.2.tgz",
			"integrity": "sha512-TjNPblN4BwAWMXU8s9AEz4JmQxnD1NNL7bNOY/AKUzyamc379FWASUhc/K1pL2noVb+XmZKLL68cjzLsiOAMaA==",
			"license": "MIT",
			"dependencies": {
				"graceful-fs": "^4.2.4",
				"retry": "^0.12.0",
				"signal-exit": "^3.0.2"
			}
		},
		"node_modules/retry": {
			"version": "0.12.0",
			"resolved": "https://registry.npmjs.org/retry/-/retry-0.12.0.tgz",
			"integrity": "sha512-9LkiTwjUh6rT555DtE9rTX+BKByPfrMzEAtnlEtdEwr3Nkffwiihqe2bWADg+OQRjt9gl6ICdmB/ZFDCGAtSow==",
			"license": "MIT",
			"engines": {
				"node": ">= 4"
			}
		},
		"node_modules/signal-exit": {
			"version": "3.0.7",
			"resolved": "https://registry.npmjs.org/signal-exit/-/signal-exit-3.0.7.tgz",
			"integrity": "sha512-wnD2ZE+l+SPC/uoS0vXeE9L1+0wuaMqKlfz9AMUo38JsyLSBWSFcHR1Rri62LZc12vLr1gb3jl7iwQhgwpAbGQ==",
			"license": "ISC"
		}
	}
}
